
Microsoft Visual Studio Solution File, Format Version 12.00
# Visual Studio Version 17
VisualStudioVersion = 17.4.33403.182
MinimumVisualStudioVersion = 10.0.40219.1
Project("{9A19103F-16F7-4668-BE54-9A1E7A4F7556}") = "TraversalCoreProje", "TraversalCoreProje\TraversalCoreProje.csproj", "{B4503377-FCDF-4B4C-8810-891ACE8AE0BD}"
EndProject
Project("{FAE04EC0-301F-11D3-BF4B-00C04F79EFBC}") = "EntityLayer", "EntityLayer\EntityLayer.csproj", "{3537D1EE-FD53-4759-A63F-C6DD309414FF}"
EndProject
Global
	GlobalSection(SolutionConfigurationPlatforms) = preSolution
		Debug|Any CPU = Debug|Any CPU
		Release|Any CPU = Release|Any CPU
	EndGlobalSection
	GlobalSection(ProjectConfigurationPlatforms) = postSolution
		{B4503377-FCDF-4B4C-8810-891ACE8AE0BD}.Debug|Any CPU.ActiveCfg = Debug|Any CPU
		{B4503377-FCDF-4B4C-8810-891ACE8AE0BD}.Debug|Any CPU.Build.0 = Debug|Any CPU
		{B4503377-FCDF-4B4C-8810-891ACE8AE0BD}.Release|Any CPU.ActiveCfg = Release|Any CPU
		{B4503377-FCDF-4B4C-8810-891ACE8AE0BD}.Release|Any CPU.Build.0 = Release|Any CPU
		{3537D1EE-FD53-4759-A63F-C6DD309414FF}.Debug|Any CPU.ActiveCfg = Debug|Any CPU
		{3537D1EE-FD53-4759-A63F-C6DD309414FF}.Debug|Any CPU.Build.0 = Debug|Any CPU
		{3537D1EE-FD53-4759-A63F-C6DD309414FF}.Release|Any CPU.ActiveCfg = Release|Any CPU
		{3537D1EE-FD53-4759-A63F-C6DD309414FF}.Release|Any CPU.Build.0 = Release|Any CPU
	EndGlobalSection
	GlobalSection(SolutionProperties) = preSolution
		HideSolutionNode = FALSE
	EndGlobalSection
	GlobalSection(ExtensibilityGlobals) = postSolution
		SolutionGuid = {780B53D5-CB78-402C-872F-169902FCE281}
	EndGlobalSection
EndGlobal
